
Microsoft Visual Studio Solution File, Format Version 12.00
# Visual Studio Version 16
VisualStudioVersion = 16.0.32106.194
MinimumVisualStudioVersion = 10.0.40219.1
Project("{9A19103F-16F7-4668-BE54-9A1E7A4F7556}") = "01. Smallest of Three Numbers", "Exercise-Methods\01. Smallest of Three Numbers.csproj", "{02F429CD-A2C7-461D-8046-9CC2109613C0}"
EndProject
Project("{9A19103F-16F7-4668-BE54-9A1E7A4F7556}") = "2.VowelsCount", "2.VowelsCount\2.VowelsCount.csproj", "{89C2C914-68A8-4D49-A5AC-3ED655316045}"
EndProject
Project("{9A19103F-16F7-4668-BE54-9A1E7A4F7556}") = "3.CharactersInRange", "3.CharactersInRange\3.CharactersInRange.csproj", "{9C0B290E-E5A8-4A79-AC6B-E19183007091}"
EndProject
Project("{9A19103F-16F7-4668-BE54-9A1E7A4F7556}") = "4.PasswordValidation", "4.PasswordValidation\4.PasswordValidation.csproj", "{3E85B890-B4C9-46A4-824D-EE07BA352379}"
EndProject
Project("{FAE04EC0-301F-11D3-BF4B-00C04F79EFBC}") = "5.AddAndSubtract", "5.AddAndSubtract\5.AddAndSubtract.csproj", "{3618E4CC-75B2-4A03-B954-00D42B52464F}"
EndProject
Project("{FAE04EC0-301F-11D3-BF4B-00C04F79EFBC}") = "6.MiddleCharacter", "6.MiddleCharacter\6.MiddleCharacter.csproj", "{C7C95B05-408B-4EC9-850F-F83357D51A46}"
EndProject
Project("{FAE04EC0-301F-11D3-BF4B-00C04F79EFBC}") = "7.NxN_Matrix", "7.NxN_Matrix\7.NxN_Matrix.csproj", "{41E2DBA2-4446-4E10-AF6F-2B59BE9D91FD}"
EndProject
Project("{FAE04EC0-301F-11D3-BF4B-00C04F79EFBC}") = "8.FactorialDevision", "8.FactorialDevision\8.FactorialDevision.csproj", "{A805F329-8B94-4C79-BB29-02F00A56903F}"
EndProject
Project("{FAE04EC0-301F-11D3-BF4B-00C04F79EFBC}") = "9.Palindrome_Integers", "9.Palindrome_Integers\9.Palindrome_Integers.csproj", "{13FF591A-6F41-4E7E-A68F-AA1CD19E51A2}"
EndProject
Project("{FAE04EC0-301F-11D3-BF4B-00C04F79EFBC}") = "10.TopNumbers", "10.TopNumbers\10.TopNumbers.csproj", "{EB297F49-78F6-474D-83AF-107A77476C2D}"
EndProject
Global
	GlobalSection(SolutionConfigurationPlatforms) = preSolution
		Debug|Any CPU = Debug|Any CPU
		Release|Any CPU = Release|Any CPU
	EndGlobalSection
	GlobalSection(ProjectConfigurationPlatforms) = postSolution
		{02F429CD-A2C7-461D-8046-9CC2109613C0}.Debug|Any CPU.ActiveCfg = Debug|Any CPU
		{02F429CD-A2C7-461D-8046-9CC2109613C0}.Debug|Any CPU.Build.0 = Debug|Any CPU
		{02F429CD-A2C7-461D-8046-9CC2109613C0}.Release|Any CPU.ActiveCfg = Release|Any CPU
		{02F429CD-A2C7-461D-8046-9CC2109613C0}.Release|Any CPU.Build.0 = Release|Any CPU
		{89C2C914-68A8-4D49-A5AC-3ED655316045}.Debug|Any CPU.ActiveCfg = Debug|Any CPU
		{89C2C914-68A8-4D49-A5AC-3ED655316045}.Debug|Any CPU.Build.0 = Debug|Any CPU
		{89C2C914-68A8-4D49-A5AC-3ED655316045}.Release|Any CPU.ActiveCfg = Release|Any CPU
		{89C2C914-68A8-4D49-A5AC-3ED655316045}.Release|Any CPU.Build.0 = Release|Any CPU
		{9C0B290E-E5A8-4A79-AC6B-E19183007091}.Debug|Any CPU.ActiveCfg = Debug|Any CPU
		{9C0B290E-E5A8-4A79-AC6B-E19183007091}.Debug|Any CPU.Build.0 = Debug|Any CPU
		{9C0B290E-E5A8-4A79-AC6B-E19183007091}.Release|Any CPU.ActiveCfg = Release|Any CPU
		{9C0B290E-E5A8-4A79-AC6B-E19183007091}.Release|Any CPU.Build.0 = Release|Any CPU
		{3E85B890-B4C9-46A4-824D-EE07BA352379}.Debug|Any CPU.ActiveCfg = Debug|Any CPU
		{3E85B890-B4C9-46A4-824D-EE07BA352379}.Debug|Any CPU.Build.0 = Debug|Any CPU
		{3E85B890-B4C9-46A4-824D-EE07BA352379}.Release|Any CPU.ActiveCfg = Release|Any CPU
		{3E85B890-B4C9-46A4-824D-EE07BA352379}.Release|Any CPU.Build.0 = Release|Any CPU
		{3618E4CC-75B2-4A03-B954-00D42B52464F}.Debug|Any CPU.ActiveCfg = Debug|Any CPU
		{3618E4CC-75B2-4A03-B954-00D42B52464F}.Debug|Any CPU.Build.0 = Debug|Any CPU
		{3618E4CC-75B2-4A03-B954-00D42B52464F}.Release|Any CPU.ActiveCfg = Release|Any CPU
		{3618E4CC-75B2-4A03-B954-00D42B52464F}.Release|Any CPU.Build.0 = Release|Any CPU
		{C7C95B05-408B-4EC9-850F-F83357D51A46}.Debug|Any CPU.ActiveCfg = Debug|Any CPU
		{C7C95B05-408B-4EC9-850F-F83357D51A46}.Debug|Any CPU.Build.0 = Debug|Any CPU
		{C7C95B05-408B-4EC9-850F-F83357D51A46}.Release|Any CPU.ActiveCfg = Release|Any CPU
		{C7C95B05-408B-4EC9-850F-F83357D51A46}.Release|Any CPU.Build.0 = Release|Any CPU
		{41E2DBA2-4446-4E10-AF6F-2B59BE9D91FD}.Debug|Any CPU.ActiveCfg = Debug|Any CPU
		{41E2DBA2-4446-4E10-AF6F-2B59BE9D91FD}.Debug|Any CPU.Build.0 = Debug|Any CPU
		{41E2DBA2-4446-4E10-AF6F-2B59BE9D91FD}.Release|Any CPU.ActiveCfg = Release|Any CPU
		{41E2DBA2-4446-4E10-AF6F-2B59BE9D91FD}.Release|Any CPU.Build.0 = Release|Any CPU
		{A805F329-8B94-4C79-BB29-02F00A56903F}.Debug|Any CPU.ActiveCfg = Debug|Any CPU
		{A805F329-8B94-4C79-BB29-02F00A56903F}.Debug|Any CPU.Build.0 = Debug|Any CPU
		{A805F329-8B94-4C79-BB29-02F00A56903F}.Release|Any CPU.ActiveCfg = Release|Any CPU
		{A805F329-8B94-4C79-BB29-02F00A56903F}.Release|Any CPU.Build.0 = Release|Any CPU
		{13FF591A-6F41-4E7E-A68F-AA1CD19E51A2}.Debug|Any CPU.ActiveCfg = Debug|Any CPU
		{13FF591A-6F41-4E7E-A68F-AA1CD19E51A2}.Debug|Any CPU.Build.0 = Debug|Any CPU
		{13FF591A-6F41-4E7E-A68F-AA1CD19E51A2}.Release|Any CPU.ActiveCfg = Release|Any CPU
		{13FF591A-6F41-4E7E-A68F-AA1CD19E51A2}.Release|Any CPU.Build.0 = Release|Any CPU
		{EB297F49-78F6-474D-83AF-107A77476C2D}.Debug|Any CPU.ActiveCfg = Debug|Any CPU
		{EB297F49-78F6-474D-83AF-107A77476C2D}.Debug|Any CPU.Build.0 = Debug|Any CPU
		{EB297F49-78F6-474D-83AF-107A77476C2D}.Release|Any CPU.ActiveCfg = Release|Any CPU
		{EB297F49-78F6-474D-83AF-107A77476C2D}.Release|Any CPU.Build.0 = Release|Any CPU
	EndGlobalSection
	GlobalSection(SolutionProperties) = preSolution
		HideSolutionNode = FALSE
	EndGlobalSection
	GlobalSection(ExtensibilityGlobals) = postSolution
		SolutionGuid = {BA1098CD-116B-486B-B198-F7EDD44EBA81}
	EndGlobalSection
EndGlobal
