
Microsoft Visual Studio Solution File, Format Version 12.00
# Visual Studio Version 16
VisualStudioVersion = 16.0.32106.194
MinimumVisualStudioVersion = 10.0.40219.1
Project("{9A19103F-16F7-4668-BE54-9A1E7A4F7556}") = "01. Easter Lunch", "01. Easter Lunch\01. Easter Lunch.csproj", "{9BD4D76C-C973-4D37-B298-259FA98C2B4D}"
EndProject
Project("{9A19103F-16F7-4668-BE54-9A1E7A4F7556}") = "01. Easter Bakery", "01. Easter Bakery\01. Easter Bakery.csproj", "{6832BD47-3514-46BF-B59B-86B111D455B4}"
EndProject
Project("{9A19103F-16F7-4668-BE54-9A1E7A4F7556}") = "02. Easter Party", "02. Easter Party\02. Easter Party.csproj", "{034BBDFA-7CE2-4C2E-8043-299B6DCB3589}"
EndProject
Project("{9A19103F-16F7-4668-BE54-9A1E7A4F7556}") = "02. Easter Guests", "02. Easter Guests\02. Easter Guests.csproj", "{835F842B-C614-4F43-9DB8-32F736464D08}"
EndProject
Project("{9A19103F-16F7-4668-BE54-9A1E7A4F7556}") = "03. Easter Trip", "03. Easter Trip\03. Easter Trip.csproj", "{1C74E95C-3CD6-4E98-97BD-FBE4A5540BB7}"
EndProject
Project("{9A19103F-16F7-4668-BE54-9A1E7A4F7556}") = "03. Painting Eggs", "03. Painting Eggs\03. Painting Eggs.csproj", "{344E24C0-B7B9-4A36-843E-F862913FCDBF}"
EndProject
Project("{9A19103F-16F7-4668-BE54-9A1E7A4F7556}") = "04. Easter Eggs Battle", "04. Easter Eggs Battle\04. Easter Eggs Battle.csproj", "{BC6AC7D8-C57A-4E4D-AAE6-BA70751D51CD}"
EndProject
Project("{9A19103F-16F7-4668-BE54-9A1E7A4F7556}") = "04. Easter Shop", "04. Easter Shop\04. Easter Shop.csproj", "{B2A05803-9F43-4861-8FD4-673DAEE4D5CD}"
EndProject
Project("{FAE04EC0-301F-11D3-BF4B-00C04F79EFBC}") = "05. Easter Eggs", "05. Easter Eggs\05. Easter Eggs.csproj", "{E8843295-9258-4BFD-9B28-4CF12439ABAA}"
EndProject
Project("{FAE04EC0-301F-11D3-BF4B-00C04F79EFBC}") = "05. Easter Bake", "05. Easter Bake\05. Easter Bake.csproj", "{E1413F9C-1298-440D-9423-B485EC7BDF5E}"
EndProject
Project("{FAE04EC0-301F-11D3-BF4B-00C04F79EFBC}") = "06. Easter Competition", "06. Easter Competition\06. Easter Competition.csproj", "{7A581BB0-4FC9-44E0-84E0-1B4EFCFD82B1}"
EndProject
Project("{FAE04EC0-301F-11D3-BF4B-00C04F79EFBC}") = "06. Easter Decoration", "06. Easter Decoration\06. Easter Decoration.csproj", "{C93F10D5-CCEF-4371-97BD-F84B1D178A57}"
EndProject
Global
	GlobalSection(SolutionConfigurationPlatforms) = preSolution
		Debug|Any CPU = Debug|Any CPU
		Release|Any CPU = Release|Any CPU
	EndGlobalSection
	GlobalSection(ProjectConfigurationPlatforms) = postSolution
		{9BD4D76C-C973-4D37-B298-259FA98C2B4D}.Debug|Any CPU.ActiveCfg = Debug|Any CPU
		{9BD4D76C-C973-4D37-B298-259FA98C2B4D}.Debug|Any CPU.Build.0 = Debug|Any CPU
		{9BD4D76C-C973-4D37-B298-259FA98C2B4D}.Release|Any CPU.ActiveCfg = Release|Any CPU
		{9BD4D76C-C973-4D37-B298-259FA98C2B4D}.Release|Any CPU.Build.0 = Release|Any CPU
		{6832BD47-3514-46BF-B59B-86B111D455B4}.Debug|Any CPU.ActiveCfg = Debug|Any CPU
		{6832BD47-3514-46BF-B59B-86B111D455B4}.Debug|Any CPU.Build.0 = Debug|Any CPU
		{6832BD47-3514-46BF-B59B-86B111D455B4}.Release|Any CPU.ActiveCfg = Release|Any CPU
		{6832BD47-3514-46BF-B59B-86B111D455B4}.Release|Any CPU.Build.0 = Release|Any CPU
		{034BBDFA-7CE2-4C2E-8043-299B6DCB3589}.Debug|Any CPU.ActiveCfg = Debug|Any CPU
		{034BBDFA-7CE2-4C2E-8043-299B6DCB3589}.Debug|Any CPU.Build.0 = Debug|Any CPU
		{034BBDFA-7CE2-4C2E-8043-299B6DCB3589}.Release|Any CPU.ActiveCfg = Release|Any CPU
		{034BBDFA-7CE2-4C2E-8043-299B6DCB3589}.Release|Any CPU.Build.0 = Release|Any CPU
		{835F842B-C614-4F43-9DB8-32F736464D08}.Debug|Any CPU.ActiveCfg = Debug|Any CPU
		{835F842B-C614-4F43-9DB8-32F736464D08}.Debug|Any CPU.Build.0 = Debug|Any CPU
		{835F842B-C614-4F43-9DB8-32F736464D08}.Release|Any CPU.ActiveCfg = Release|Any CPU
		{835F842B-C614-4F43-9DB8-32F736464D08}.Release|Any CPU.Build.0 = Release|Any CPU
		{1C74E95C-3CD6-4E98-97BD-FBE4A5540BB7}.Debug|Any CPU.ActiveCfg = Debug|Any CPU
		{1C74E95C-3CD6-4E98-97BD-FBE4A5540BB7}.Debug|Any CPU.Build.0 = Debug|Any CPU
		{1C74E95C-3CD6-4E98-97BD-FBE4A5540BB7}.Release|Any CPU.ActiveCfg = Release|Any CPU
		{1C74E95C-3CD6-4E98-97BD-FBE4A5540BB7}.Release|Any CPU.Build.0 = Release|Any CPU
		{344E24C0-B7B9-4A36-843E-F862913FCDBF}.Debug|Any CPU.ActiveCfg = Debug|Any CPU
		{344E24C0-B7B9-4A36-843E-F862913FCDBF}.Debug|Any CPU.Build.0 = Debug|Any CPU
		{344E24C0-B7B9-4A36-843E-F862913FCDBF}.Release|Any CPU.ActiveCfg = Release|Any CPU
		{344E24C0-B7B9-4A36-843E-F862913FCDBF}.Release|Any CPU.Build.0 = Release|Any CPU
		{BC6AC7D8-C57A-4E4D-AAE6-BA70751D51CD}.Debug|Any CPU.ActiveCfg = Debug|Any CPU
		{BC6AC7D8-C57A-4E4D-AAE6-BA70751D51CD}.Debug|Any CPU.Build.0 = Debug|Any CPU
		{BC6AC7D8-C57A-4E4D-AAE6-BA70751D51CD}.Release|Any CPU.ActiveCfg = Release|Any CPU
		{BC6AC7D8-C57A-4E4D-AAE6-BA70751D51CD}.Release|Any CPU.Build.0 = Release|Any CPU
		{B2A05803-9F43-4861-8FD4-673DAEE4D5CD}.Debug|Any CPU.ActiveCfg = Debug|Any CPU
		{B2A05803-9F43-4861-8FD4-673DAEE4D5CD}.Debug|Any CPU.Build.0 = Debug|Any CPU
		{B2A05803-9F43-4861-8FD4-673DAEE4D5CD}.Release|Any CPU.ActiveCfg = Release|Any CPU
		{B2A05803-9F43-4861-8FD4-673DAEE4D5CD}.Release|Any CPU.Build.0 = Release|Any CPU
		{E8843295-9258-4BFD-9B28-4CF12439ABAA}.Debug|Any CPU.ActiveCfg = Debug|Any CPU
		{E8843295-9258-4BFD-9B28-4CF12439ABAA}.Debug|Any CPU.Build.0 = Debug|Any CPU
		{E8843295-9258-4BFD-9B28-4CF12439ABAA}.Release|Any CPU.ActiveCfg = Release|Any CPU
		{E8843295-9258-4BFD-9B28-4CF12439ABAA}.Release|Any CPU.Build.0 = Release|Any CPU
		{E1413F9C-1298-440D-9423-B485EC7BDF5E}.Debug|Any CPU.ActiveCfg = Debug|Any CPU
		{E1413F9C-1298-440D-9423-B485EC7BDF5E}.Debug|Any CPU.Build.0 = Debug|Any CPU
		{E1413F9C-1298-440D-9423-B485EC7BDF5E}.Release|Any CPU.ActiveCfg = Release|Any CPU
		{E1413F9C-1298-440D-9423-B485EC7BDF5E}.Release|Any CPU.Build.0 = Release|Any CPU
		{7A581BB0-4FC9-44E0-84E0-1B4EFCFD82B1}.Debug|Any CPU.ActiveCfg = Debug|Any CPU
		{7A581BB0-4FC9-44E0-84E0-1B4EFCFD82B1}.Debug|Any CPU.Build.0 = Debug|Any CPU
		{7A581BB0-4FC9-44E0-84E0-1B4EFCFD82B1}.Release|Any CPU.ActiveCfg = Release|Any CPU
		{7A581BB0-4FC9-44E0-84E0-1B4EFCFD82B1}.Release|Any CPU.Build.0 = Release|Any CPU
		{C93F10D5-CCEF-4371-97BD-F84B1D178A57}.Debug|Any CPU.ActiveCfg = Debug|Any CPU
		{C93F10D5-CCEF-4371-97BD-F84B1D178A57}.Debug|Any CPU.Build.0 = Debug|Any CPU
		{C93F10D5-CCEF-4371-97BD-F84B1D178A57}.Release|Any CPU.ActiveCfg = Release|Any CPU
		{C93F10D5-CCEF-4371-97BD-F84B1D178A57}.Release|Any CPU.Build.0 = Release|Any CPU
	EndGlobalSection
	GlobalSection(SolutionProperties) = preSolution
		HideSolutionNode = FALSE
	EndGlobalSection
	GlobalSection(ExtensibilityGlobals) = postSolution
		SolutionGuid = {8EA20962-CE2E-458F-95FD-6DF385B45E11}
	EndGlobalSection
EndGlobal
