
Microsoft Visual Studio Solution File, Format Version 12.00
# Visual Studio Version 17
VisualStudioVersion = 17.5.33516.290
MinimumVisualStudioVersion = 10.0.40219.1
Project("{9A19103F-16F7-4668-BE54-9A1E7A4F7556}") = "02. Pounds to Dollars", "02. Pounds to Dollars\02. Pounds to Dollars.csproj", "{932B2FE3-22EE-4DDD-8CE6-6B3EA1DC59CE}"
EndProject
Project("{9A19103F-16F7-4668-BE54-9A1E7A4F7556}") = "03. Exact Sum of Real Numbers", "03. Exact Sum of Real Numbers\03. Exact Sum of Real Numbers.csproj", "{5F3A64B4-49BE-4B58-A03A-DA4DE44D24F1}"
EndProject
Project("{9A19103F-16F7-4668-BE54-9A1E7A4F7556}") = "04. Centuries to Minutes", "04. Centuries to Minutes\04. Centuries to Minutes.csproj", "{7CBDFC99-C8D1-4AAE-A6FA-FA847C1E0DE5}"
EndProject
Project("{9A19103F-16F7-4668-BE54-9A1E7A4F7556}") = "05. Special Numbers", "05. Special Numbers\05. Special Numbers.csproj", "{5D364392-748B-475E-80DE-881A5D407112}"
EndProject
Project("{9A19103F-16F7-4668-BE54-9A1E7A4F7556}") = "06. Reversed Chars", "06. Reversed Chars\06. Reversed Chars.csproj", "{A26E39D4-4A57-4D09-9E68-FC0AD06DFFCA}"
EndProject
Project("{9A19103F-16F7-4668-BE54-9A1E7A4F7556}") = "07. Concat Names", "07. Concat Names\07. Concat Names.csproj", "{2237F46D-28C8-4A95-9E79-E33A8CF35159}"
EndProject
Project("{9A19103F-16F7-4668-BE54-9A1E7A4F7556}") = "08. Town Info", "08. Town Info\08. Town Info.csproj", "{A26DD205-A9A6-40A9-B2BE-C41D1017789E}"
EndProject
Project("{9A19103F-16F7-4668-BE54-9A1E7A4F7556}") = "09. Chars to String", "09. Chars to String\09. Chars to String.csproj", "{04DCAABA-8FC6-41A1-AD52-3C7C70D71EB2}"
EndProject
Project("{9A19103F-16F7-4668-BE54-9A1E7A4F7556}") = "10. Lower or Upper", "10. Lower or Upper\10. Lower or Upper.csproj", "{E639F68D-4265-4B64-B9B6-377BE6FEB21D}"
EndProject
Project("{9A19103F-16F7-4668-BE54-9A1E7A4F7556}") = "11. Refactor Volume of Pyramid", "11. Refactor Volume of Pyramid\11. Refactor Volume of Pyramid.csproj", "{D8EA696D-6445-4C08-B100-6FF33CCA3831}"
EndProject
Project("{9A19103F-16F7-4668-BE54-9A1E7A4F7556}") = "12. Refactor Special Numbers", "12. Refactor Special Numbers\12. Refactor Special Numbers.csproj", "{D7682FA5-23DD-4F5C-B581-9B565C1B1AAB}"
EndProject
Global
	GlobalSection(SolutionConfigurationPlatforms) = preSolution
		Debug|Any CPU = Debug|Any CPU
		Release|Any CPU = Release|Any CPU
	EndGlobalSection
	GlobalSection(ProjectConfigurationPlatforms) = postSolution
		{932B2FE3-22EE-4DDD-8CE6-6B3EA1DC59CE}.Debug|Any CPU.ActiveCfg = Debug|Any CPU
		{932B2FE3-22EE-4DDD-8CE6-6B3EA1DC59CE}.Debug|Any CPU.Build.0 = Debug|Any CPU
		{932B2FE3-22EE-4DDD-8CE6-6B3EA1DC59CE}.Release|Any CPU.ActiveCfg = Release|Any CPU
		{932B2FE3-22EE-4DDD-8CE6-6B3EA1DC59CE}.Release|Any CPU.Build.0 = Release|Any CPU
		{5F3A64B4-49BE-4B58-A03A-DA4DE44D24F1}.Debug|Any CPU.ActiveCfg = Debug|Any CPU
		{5F3A64B4-49BE-4B58-A03A-DA4DE44D24F1}.Debug|Any CPU.Build.0 = Debug|Any CPU
		{5F3A64B4-49BE-4B58-A03A-DA4DE44D24F1}.Release|Any CPU.ActiveCfg = Release|Any CPU
		{5F3A64B4-49BE-4B58-A03A-DA4DE44D24F1}.Release|Any CPU.Build.0 = Release|Any CPU
		{7CBDFC99-C8D1-4AAE-A6FA-FA847C1E0DE5}.Debug|Any CPU.ActiveCfg = Debug|Any CPU
		{7CBDFC99-C8D1-4AAE-A6FA-FA847C1E0DE5}.Debug|Any CPU.Build.0 = Debug|Any CPU
		{7CBDFC99-C8D1-4AAE-A6FA-FA847C1E0DE5}.Release|Any CPU.ActiveCfg = Release|Any CPU
		{7CBDFC99-C8D1-4AAE-A6FA-FA847C1E0DE5}.Release|Any CPU.Build.0 = Release|Any CPU
		{5D364392-748B-475E-80DE-881A5D407112}.Debug|Any CPU.ActiveCfg = Debug|Any CPU
		{5D364392-748B-475E-80DE-881A5D407112}.Debug|Any CPU.Build.0 = Debug|Any CPU
		{5D364392-748B-475E-80DE-881A5D407112}.Release|Any CPU.ActiveCfg = Release|Any CPU
		{5D364392-748B-475E-80DE-881A5D407112}.Release|Any CPU.Build.0 = Release|Any CPU
		{A26E39D4-4A57-4D09-9E68-FC0AD06DFFCA}.Debug|Any CPU.ActiveCfg = Debug|Any CPU
		{A26E39D4-4A57-4D09-9E68-FC0AD06DFFCA}.Debug|Any CPU.Build.0 = Debug|Any CPU
		{A26E39D4-4A57-4D09-9E68-FC0AD06DFFCA}.Release|Any CPU.ActiveCfg = Release|Any CPU
		{A26E39D4-4A57-4D09-9E68-FC0AD06DFFCA}.Release|Any CPU.Build.0 = Release|Any CPU
		{2237F46D-28C8-4A95-9E79-E33A8CF35159}.Debug|Any CPU.ActiveCfg = Debug|Any CPU
		{2237F46D-28C8-4A95-9E79-E33A8CF35159}.Debug|Any CPU.Build.0 = Debug|Any CPU
		{2237F46D-28C8-4A95-9E79-E33A8CF35159}.Release|Any CPU.ActiveCfg = Release|Any CPU
		{2237F46D-28C8-4A95-9E79-E33A8CF35159}.Release|Any CPU.Build.0 = Release|Any CPU
		{A26DD205-A9A6-40A9-B2BE-C41D1017789E}.Debug|Any CPU.ActiveCfg = Debug|Any CPU
		{A26DD205-A9A6-40A9-B2BE-C41D1017789E}.Debug|Any CPU.Build.0 = Debug|Any CPU
		{A26DD205-A9A6-40A9-B2BE-C41D1017789E}.Release|Any CPU.ActiveCfg = Release|Any CPU
		{A26DD205-A9A6-40A9-B2BE-C41D1017789E}.Release|Any CPU.Build.0 = Release|Any CPU
		{04DCAABA-8FC6-41A1-AD52-3C7C70D71EB2}.Debug|Any CPU.ActiveCfg = Debug|Any CPU
		{04DCAABA-8FC6-41A1-AD52-3C7C70D71EB2}.Debug|Any CPU.Build.0 = Debug|Any CPU
		{04DCAABA-8FC6-41A1-AD52-3C7C70D71EB2}.Release|Any CPU.ActiveCfg = Release|Any CPU
		{04DCAABA-8FC6-41A1-AD52-3C7C70D71EB2}.Release|Any CPU.Build.0 = Release|Any CPU
		{E639F68D-4265-4B64-B9B6-377BE6FEB21D}.Debug|Any CPU.ActiveCfg = Debug|Any CPU
		{E639F68D-4265-4B64-B9B6-377BE6FEB21D}.Debug|Any CPU.Build.0 = Debug|Any CPU
		{E639F68D-4265-4B64-B9B6-377BE6FEB21D}.Release|Any CPU.ActiveCfg = Release|Any CPU
		{E639F68D-4265-4B64-B9B6-377BE6FEB21D}.Release|Any CPU.Build.0 = Release|Any CPU
		{D8EA696D-6445-4C08-B100-6FF33CCA3831}.Debug|Any CPU.ActiveCfg = Debug|Any CPU
		{D8EA696D-6445-4C08-B100-6FF33CCA3831}.Debug|Any CPU.Build.0 = Debug|Any CPU
		{D8EA696D-6445-4C08-B100-6FF33CCA3831}.Release|Any CPU.ActiveCfg = Release|Any CPU
		{D8EA696D-6445-4C08-B100-6FF33CCA3831}.Release|Any CPU.Build.0 = Release|Any CPU
		{D7682FA5-23DD-4F5C-B581-9B565C1B1AAB}.Debug|Any CPU.ActiveCfg = Debug|Any CPU
		{D7682FA5-23DD-4F5C-B581-9B565C1B1AAB}.Debug|Any CPU.Build.0 = Debug|Any CPU
		{D7682FA5-23DD-4F5C-B581-9B565C1B1AAB}.Release|Any CPU.ActiveCfg = Release|Any CPU
		{D7682FA5-23DD-4F5C-B581-9B565C1B1AAB}.Release|Any CPU.Build.0 = Release|Any CPU
	EndGlobalSection
	GlobalSection(SolutionProperties) = preSolution
		HideSolutionNode = FALSE
	EndGlobalSection
	GlobalSection(ExtensibilityGlobals) = postSolution
		SolutionGuid = {A05DD685-49CC-4FBD-979A-1EB56F009BE1}
	EndGlobalSection
EndGlobal
